
Microsoft Visual Studio Solution File, Format Version 12.00
# Visual Studio Version 17
VisualStudioVersion = 17.8.34330.188
MinimumVisualStudioVersion = 10.0.40219.1
Project("{9A19103F-16F7-4668-BE54-9A1E7A4F7556}") = "CustomerAPI", "CustomerAPI\CustomerAPI.csproj", "{B3067105-FC97-43D4-815B-D2DB0D50F53E}"
EndProject
Project("{9A19103F-16F7-4668-BE54-9A1E7A4F7556}") = "TransferAPI", "TransferAPI\TransferAPI.csproj", "{11BFE8EB-971B-49CD-9A92-56420328D87F}"
EndProject
Project("{2150E333-8FDC-42A3-9474-1A3956D46DE8}") = "SharedLibrary", "SharedLibrary", "{7A385E05-C850-4665-A6F3-08607C8BCCFE}"
EndProject
Project("{9A19103F-16F7-4668-BE54-9A1E7A4F7556}") = "Library", "Library\Library.csproj", "{E5CF157C-E89D-46E9-85F3-A32B266AE876}"
EndProject
Project("{9A19103F-16F7-4668-BE54-9A1E7A4F7556}") = "Domain", "Domain\Domain.csproj", "{418B4D80-2474-4424-BC8A-F74C188B9232}"
EndProject
Project("{9A19103F-16F7-4668-BE54-9A1E7A4F7556}") = "DataBase", "DataBase\DataBase.csproj", "{38EF19CB-A301-4485-8FE2-1A6C0C12B07B}"
EndProject
Project("{9A19103F-16F7-4668-BE54-9A1E7A4F7556}") = "AdminAPI", "AdminAPI\AdminAPI.csproj", "{C607CEB5-D1CF-432C-9D57-C9FC67DD97C1}"
EndProject
Project("{9A19103F-16F7-4668-BE54-9A1E7A4F7556}") = "MiddleWareAPI", "MiddleWareAPI\MiddleWareAPI.csproj", "{FD23BB9A-53BE-4271-82EE-7127AB2B7F36}"
EndProject
Project("{9A19103F-16F7-4668-BE54-9A1E7A4F7556}") = "TransferService", "TransferService\TransferService.csproj", "{325C0D71-8100-440E-84A5-6CC4AC8A2E50}"
EndProject
Project("{9A19103F-16F7-4668-BE54-9A1E7A4F7556}") = "Publisher", "Publisher\Publisher.csproj", "{1F1E8C2D-3596-4BA4-B327-54C3CEF5CB0E}"
EndProject
Project("{9A19103F-16F7-4668-BE54-9A1E7A4F7556}") = "MiddleWareDomain", "MiddleWareDomain\MiddleWareDomain.csproj", "{1B561FF8-982D-4703-BE97-D4BEA350837D}"
EndProject
Project("{9A19103F-16F7-4668-BE54-9A1E7A4F7556}") = "EmailProcessor", "EmailProcessor\EmailProcessor.csproj", "{8E7D2AC2-0B52-4CAF-AD0A-520F4AD10B8D}"
EndProject
Project("{9A19103F-16F7-4668-BE54-9A1E7A4F7556}") = "ApiCaller", "ApiCaller\ApiCaller.csproj", "{5B50256F-BEBA-43B5-81CC-07293834E30A}"
EndProject
Project("{2150E333-8FDC-42A3-9474-1A3956D46DE8}") = "RecurringJobs", "RecurringJobs", "{2F7D8404-A82B-45B5-BCFF-B600E9F62930}"
EndProject
Project("{9A19103F-16F7-4668-BE54-9A1E7A4F7556}") = "AccountProfiler", "AccountProfiler\AccountProfiler.csproj", "{A0481AA6-802F-4614-9230-CF5191D834CA}"
EndProject
Project("{2150E333-8FDC-42A3-9474-1A3956D46DE8}") = "SubscriberServices", "SubscriberServices", "{6AB2CA71-36A9-4A7F-9F4F-5F1766ECEB2A}"
EndProject
Project("{9A19103F-16F7-4668-BE54-9A1E7A4F7556}") = "BloomUSSDAPI", "BloomUSSDAPI\BloomUSSDAPI.csproj", "{5AC93C29-CB05-4FFA-B20F-945DEE56AF7F}"
EndProject
Project("{9A19103F-16F7-4668-BE54-9A1E7A4F7556}") = "USSDDatabase", "USSDDatabase\USSDDatabase.csproj", "{333D33E5-FE00-48D5-8289-8F0C5CA7DB17}"
EndProject
Project("{2150E333-8FDC-42A3-9474-1A3956D46DE8}") = "CustomerPortal", "CustomerPortal", "{964370F5-4DDB-4545-8C25-9E03A2C4D2DA}"
EndProject
Project("{9A19103F-16F7-4668-BE54-9A1E7A4F7556}") = "CustomerPortal", "CustomerPortal\CustomerPortal.csproj", "{471009D6-C34C-4712-9F4D-6F8C5F00FED8}"
EndProject
Global
	GlobalSection(SolutionConfigurationPlatforms) = preSolution
		Debug|Any CPU = Debug|Any CPU
		Release|Any CPU = Release|Any CPU
	EndGlobalSection
	GlobalSection(ProjectConfigurationPlatforms) = postSolution
		{B3067105-FC97-43D4-815B-D2DB0D50F53E}.Debug|Any CPU.ActiveCfg = Debug|Any CPU
		{B3067105-FC97-43D4-815B-D2DB0D50F53E}.Debug|Any CPU.Build.0 = Debug|Any CPU
		{B3067105-FC97-43D4-815B-D2DB0D50F53E}.Release|Any CPU.ActiveCfg = Release|Any CPU
		{B3067105-FC97-43D4-815B-D2DB0D50F53E}.Release|Any CPU.Build.0 = Release|Any CPU
		{11BFE8EB-971B-49CD-9A92-56420328D87F}.Debug|Any CPU.ActiveCfg = Debug|Any CPU
		{11BFE8EB-971B-49CD-9A92-56420328D87F}.Debug|Any CPU.Build.0 = Debug|Any CPU
		{11BFE8EB-971B-49CD-9A92-56420328D87F}.Release|Any CPU.ActiveCfg = Release|Any CPU
		{11BFE8EB-971B-49CD-9A92-56420328D87F}.Release|Any CPU.Build.0 = Release|Any CPU
		{E5CF157C-E89D-46E9-85F3-A32B266AE876}.Debug|Any CPU.ActiveCfg = Debug|Any CPU
		{E5CF157C-E89D-46E9-85F3-A32B266AE876}.Debug|Any CPU.Build.0 = Debug|Any CPU
		{E5CF157C-E89D-46E9-85F3-A32B266AE876}.Release|Any CPU.ActiveCfg = Release|Any CPU
		{E5CF157C-E89D-46E9-85F3-A32B266AE876}.Release|Any CPU.Build.0 = Release|Any CPU
		{418B4D80-2474-4424-BC8A-F74C188B9232}.Debug|Any CPU.ActiveCfg = Debug|Any CPU
		{418B4D80-2474-4424-BC8A-F74C188B9232}.Debug|Any CPU.Build.0 = Debug|Any CPU
		{418B4D80-2474-4424-BC8A-F74C188B9232}.Release|Any CPU.ActiveCfg = Release|Any CPU
		{418B4D80-2474-4424-BC8A-F74C188B9232}.Release|Any CPU.Build.0 = Release|Any CPU
		{38EF19CB-A301-4485-8FE2-1A6C0C12B07B}.Debug|Any CPU.ActiveCfg = Debug|Any CPU
		{38EF19CB-A301-4485-8FE2-1A6C0C12B07B}.Debug|Any CPU.Build.0 = Debug|Any CPU
		{38EF19CB-A301-4485-8FE2-1A6C0C12B07B}.Release|Any CPU.ActiveCfg = Release|Any CPU
		{38EF19CB-A301-4485-8FE2-1A6C0C12B07B}.Release|Any CPU.Build.0 = Release|Any CPU
		{C607CEB5-D1CF-432C-9D57-C9FC67DD97C1}.Debug|Any CPU.ActiveCfg = Debug|Any CPU
		{C607CEB5-D1CF-432C-9D57-C9FC67DD97C1}.Debug|Any CPU.Build.0 = Debug|Any CPU
		{C607CEB5-D1CF-432C-9D57-C9FC67DD97C1}.Release|Any CPU.ActiveCfg = Release|Any CPU
		{C607CEB5-D1CF-432C-9D57-C9FC67DD97C1}.Release|Any CPU.Build.0 = Release|Any CPU
		{FD23BB9A-53BE-4271-82EE-7127AB2B7F36}.Debug|Any CPU.ActiveCfg = Debug|Any CPU
		{FD23BB9A-53BE-4271-82EE-7127AB2B7F36}.Debug|Any CPU.Build.0 = Debug|Any CPU
		{FD23BB9A-53BE-4271-82EE-7127AB2B7F36}.Release|Any CPU.ActiveCfg = Release|Any CPU
		{FD23BB9A-53BE-4271-82EE-7127AB2B7F36}.Release|Any CPU.Build.0 = Release|Any CPU
		{325C0D71-8100-440E-84A5-6CC4AC8A2E50}.Debug|Any CPU.ActiveCfg = Debug|Any CPU
		{325C0D71-8100-440E-84A5-6CC4AC8A2E50}.Debug|Any CPU.Build.0 = Debug|Any CPU
		{325C0D71-8100-440E-84A5-6CC4AC8A2E50}.Release|Any CPU.ActiveCfg = Release|Any CPU
		{325C0D71-8100-440E-84A5-6CC4AC8A2E50}.Release|Any CPU.Build.0 = Release|Any CPU
		{1F1E8C2D-3596-4BA4-B327-54C3CEF5CB0E}.Debug|Any CPU.ActiveCfg = Debug|Any CPU
		{1F1E8C2D-3596-4BA4-B327-54C3CEF5CB0E}.Debug|Any CPU.Build.0 = Debug|Any CPU
		{1F1E8C2D-3596-4BA4-B327-54C3CEF5CB0E}.Release|Any CPU.ActiveCfg = Release|Any CPU
		{1F1E8C2D-3596-4BA4-B327-54C3CEF5CB0E}.Release|Any CPU.Build.0 = Release|Any CPU
		{1B561FF8-982D-4703-BE97-D4BEA350837D}.Debug|Any CPU.ActiveCfg = Debug|Any CPU
		{1B561FF8-982D-4703-BE97-D4BEA350837D}.Debug|Any CPU.Build.0 = Debug|Any CPU
		{1B561FF8-982D-4703-BE97-D4BEA350837D}.Release|Any CPU.ActiveCfg = Release|Any CPU
		{1B561FF8-982D-4703-BE97-D4BEA350837D}.Release|Any CPU.Build.0 = Release|Any CPU
		{8E7D2AC2-0B52-4CAF-AD0A-520F4AD10B8D}.Debug|Any CPU.ActiveCfg = Debug|Any CPU
		{8E7D2AC2-0B52-4CAF-AD0A-520F4AD10B8D}.Debug|Any CPU.Build.0 = Debug|Any CPU
		{8E7D2AC2-0B52-4CAF-AD0A-520F4AD10B8D}.Release|Any CPU.ActiveCfg = Release|Any CPU
		{8E7D2AC2-0B52-4CAF-AD0A-520F4AD10B8D}.Release|Any CPU.Build.0 = Release|Any CPU
		{5B50256F-BEBA-43B5-81CC-07293834E30A}.Debug|Any CPU.ActiveCfg = Debug|Any CPU
		{5B50256F-BEBA-43B5-81CC-07293834E30A}.Debug|Any CPU.Build.0 = Debug|Any CPU
		{5B50256F-BEBA-43B5-81CC-07293834E30A}.Release|Any CPU.ActiveCfg = Release|Any CPU
		{5B50256F-BEBA-43B5-81CC-07293834E30A}.Release|Any CPU.Build.0 = Release|Any CPU
		{A0481AA6-802F-4614-9230-CF5191D834CA}.Debug|Any CPU.ActiveCfg = Debug|Any CPU
		{A0481AA6-802F-4614-9230-CF5191D834CA}.Debug|Any CPU.Build.0 = Debug|Any CPU
		{A0481AA6-802F-4614-9230-CF5191D834CA}.Release|Any CPU.ActiveCfg = Release|Any CPU
		{A0481AA6-802F-4614-9230-CF5191D834CA}.Release|Any CPU.Build.0 = Release|Any CPU
		{5AC93C29-CB05-4FFA-B20F-945DEE56AF7F}.Debug|Any CPU.ActiveCfg = Debug|Any CPU
		{5AC93C29-CB05-4FFA-B20F-945DEE56AF7F}.Debug|Any CPU.Build.0 = Debug|Any CPU
		{5AC93C29-CB05-4FFA-B20F-945DEE56AF7F}.Release|Any CPU.ActiveCfg = Release|Any CPU
		{5AC93C29-CB05-4FFA-B20F-945DEE56AF7F}.Release|Any CPU.Build.0 = Release|Any CPU
		{333D33E5-FE00-48D5-8289-8F0C5CA7DB17}.Debug|Any CPU.ActiveCfg = Debug|Any CPU
		{333D33E5-FE00-48D5-8289-8F0C5CA7DB17}.Debug|Any CPU.Build.0 = Debug|Any CPU
		{333D33E5-FE00-48D5-8289-8F0C5CA7DB17}.Release|Any CPU.ActiveCfg = Release|Any CPU
		{333D33E5-FE00-48D5-8289-8F0C5CA7DB17}.Release|Any CPU.Build.0 = Release|Any CPU
		{471009D6-C34C-4712-9F4D-6F8C5F00FED8}.Debug|Any CPU.ActiveCfg = Debug|Any CPU
		{471009D6-C34C-4712-9F4D-6F8C5F00FED8}.Debug|Any CPU.Build.0 = Debug|Any CPU
		{471009D6-C34C-4712-9F4D-6F8C5F00FED8}.Release|Any CPU.ActiveCfg = Release|Any CPU
		{471009D6-C34C-4712-9F4D-6F8C5F00FED8}.Release|Any CPU.Build.0 = Release|Any CPU
	EndGlobalSection
	GlobalSection(SolutionProperties) = preSolution
		HideSolutionNode = FALSE
	EndGlobalSection
	GlobalSection(NestedProjects) = preSolution
		{E5CF157C-E89D-46E9-85F3-A32B266AE876} = {7A385E05-C850-4665-A6F3-08607C8BCCFE}
		{418B4D80-2474-4424-BC8A-F74C188B9232} = {7A385E05-C850-4665-A6F3-08607C8BCCFE}
		{38EF19CB-A301-4485-8FE2-1A6C0C12B07B} = {7A385E05-C850-4665-A6F3-08607C8BCCFE}
		{1F1E8C2D-3596-4BA4-B327-54C3CEF5CB0E} = {7A385E05-C850-4665-A6F3-08607C8BCCFE}
		{1B561FF8-982D-4703-BE97-D4BEA350837D} = {7A385E05-C850-4665-A6F3-08607C8BCCFE}
		{8E7D2AC2-0B52-4CAF-AD0A-520F4AD10B8D} = {7A385E05-C850-4665-A6F3-08607C8BCCFE}
		{5B50256F-BEBA-43B5-81CC-07293834E30A} = {7A385E05-C850-4665-A6F3-08607C8BCCFE}
		{A0481AA6-802F-4614-9230-CF5191D834CA} = {2F7D8404-A82B-45B5-BCFF-B600E9F62930}
		{333D33E5-FE00-48D5-8289-8F0C5CA7DB17} = {7A385E05-C850-4665-A6F3-08607C8BCCFE}
		{471009D6-C34C-4712-9F4D-6F8C5F00FED8} = {964370F5-4DDB-4545-8C25-9E03A2C4D2DA}
	EndGlobalSection
	GlobalSection(ExtensibilityGlobals) = postSolution
		SolutionGuid = {45C593C1-77CE-455E-A065-82C051F1DB19}
	EndGlobalSection
EndGlobal
